// !$*UTF8*$!
{
	archiveVersion = 1;
	classes = {
	};
	objectVersion = 48;
	objects = {

/* Begin PBXBuildFile section */
		581DE8ED1E52F4B700C02295 /* ScanViewController.swift in Sources */ = {isa = PBXBuildFile; fileRef = 581DE8EC1E52F4B600C02295 /* ScanViewController.swift */; };
		581DE8EF1E5303C500C02295 /* EditViewController.swift in Sources */ = {isa = PBXBuildFile; fileRef = 581DE8EE1E5303C500C02295 /* EditViewController.swift */; };
		5822C8F61E6900A30011940D /* UserInfo.swift in Sources */ = {isa = PBXBuildFile; fileRef = 5822C8F51E6900A30011940D /* UserInfo.swift */; };
		5868D38B1E67FD4E00F31237 /* UrlEdit.swift in Sources */ = {isa = PBXBuildFile; fileRef = 5868D38A1E67FD4E00F31237 /* UrlEdit.swift */; };
		587813B51E7537550098A687 /* UrlUtil.swift in Sources */ = {isa = PBXBuildFile; fileRef = 587813B41E7537550098A687 /* UrlUtil.swift */; };
		588ED31F1E72DDC8008808C0 /* CodeViewController.swift in Sources */ = {isa = PBXBuildFile; fileRef = 588ED31E1E72DDC8008808C0 /* CodeViewController.swift */; };
		588ED3211E73ADE0008808C0 /* CustomActivity.swift in Sources */ = {isa = PBXBuildFile; fileRef = 588ED3201E73ADE0008808C0 /* CustomActivity.swift */; };
		589A9F2E1E740391001069D8 /* ShareActivity.swift in Sources */ = {isa = PBXBuildFile; fileRef = 589A9F2D1E740391001069D8 /* ShareActivity.swift */; };
		589A9F301E740411001069D8 /* ActionActivity.swift in Sources */ = {isa = PBXBuildFile; fileRef = 589A9F2F1E740411001069D8 /* ActionActivity.swift */; };
		589A9F321E741BF3001069D8 /* QRCode.swift in Sources */ = {isa = PBXBuildFile; fileRef = 589A9F311E741BF3001069D8 /* QRCode.swift */; };
		58C575B71E51859400A0C330 /* AppDelegate.swift in Sources */ = {isa = PBXBuildFile; fileRef = 58C575B61E51859400A0C330 /* AppDelegate.swift */; };
		58C575B91E51859400A0C330 /* ViewController.swift in Sources */ = {isa = PBXBuildFile; fileRef = 58C575B81E51859400A0C330 /* ViewController.swift */; };
		58C575BC1E51859400A0C330 /* Main.storyboard in Resources */ = {isa = PBXBuildFile; fileRef = 58C575BA1E51859400A0C330 /* Main.storyboard */; };
		58C575BE1E51859400A0C330 /* Assets.xcassets in Resources */ = {isa = PBXBuildFile; fileRef = 58C575BD1E51859400A0C330 /* Assets.xcassets */; };
		58C575C11E51859400A0C330 /* LaunchScreen.storyboard in Resources */ = {isa = PBXBuildFile; fileRef = 58C575BF1E51859400A0C330 /* LaunchScreen.storyboard */; };
/* End PBXBuildFile section */

/* Begin PBXFileReference section */
		581DE8EC1E52F4B600C02295 /* ScanViewController.swift */ = {isa = PBXFileReference; fileEncoding = 4; lastKnownFileType = sourcecode.swift; path = ScanViewController.swift; sourceTree = "<group>"; };
		581DE8EE1E5303C500C02295 /* EditViewController.swift */ = {isa = PBXFileReference; fileEncoding = 4; lastKnownFileType = sourcecode.swift; path = EditViewController.swift; sourceTree = "<group>"; };
		5822C8F51E6900A30011940D /* UserInfo.swift */ = {isa = PBXFileReference; fileEncoding = 4; lastKnownFileType = sourcecode.swift; path = UserInfo.swift; sourceTree = "<group>"; };
		5868D38A1E67FD4E00F31237 /* UrlEdit.swift */ = {isa = PBXFileReference; fileEncoding = 4; lastKnownFileType = sourcecode.swift; path = UrlEdit.swift; sourceTree = "<group>"; };
		587813B41E7537550098A687 /* UrlUtil.swift */ = {isa = PBXFileReference; fileEncoding = 4; lastKnownFileType = sourcecode.swift; path = UrlUtil.swift; sourceTree = "<group>"; };
		588ED31E1E72DDC8008808C0 /* CodeViewController.swift */ = {isa = PBXFileReference; fileEncoding = 4; lastKnownFileType = sourcecode.swift; path = CodeViewController.swift; sourceTree = "<group>"; };
		588ED3201E73ADE0008808C0 /* CustomActivity.swift */ = {isa = PBXFileReference; fileEncoding = 4; lastKnownFileType = sourcecode.swift; path = CustomActivity.swift; sourceTree = "<group>"; };
		589A9F2D1E740391001069D8 /* ShareActivity.swift */ = {isa = PBXFileReference; fileEncoding = 4; lastKnownFileType = sourcecode.swift; path = ShareActivity.swift; sourceTree = "<group>"; };
		589A9F2F1E740411001069D8 /* ActionActivity.swift */ = {isa = PBXFileReference; fileEncoding = 4; lastKnownFileType = sourcecode.swift; path = ActionActivity.swift; sourceTree = "<group>"; };
		589A9F311E741BF3001069D8 /* QRCode.swift */ = {isa = PBXFileReference; fileEncoding = 4; lastKnownFileType = sourcecode.swift; path = QRCode.swift; sourceTree = "<group>"; };
		58C575B31E51859400A0C330 /* myway.app */ = {isa = PBXFileReference; explicitFileType = wrapper.application; includeInIndex = 0; path = myway.app; sourceTree = BUILT_PRODUCTS_DIR; };
		58C575B61E51859400A0C330 /* AppDelegate.swift */ = {isa = PBXFileReference; lastKnownFileType = sourcecode.swift; path = AppDelegate.swift; sourceTree = "<group>"; };
		58C575B81E51859400A0C330 /* ViewController.swift */ = {isa = PBXFileReference; lastKnownFileType = sourcecode.swift; path = ViewController.swift; sourceTree = "<group>"; };
		58C575BB1E51859400A0C330 /* Base */ = {isa = PBXFileReference; lastKnownFileType = file.storyboard; name = Base; path = Base.lproj/Main.storyboard; sourceTree = "<group>"; };
		58C575BD1E51859400A0C330 /* Assets.xcassets */ = {isa = PBXFileReference; lastKnownFileType = folder.assetcatalog; path = Assets.xcassets; sourceTree = "<group>"; };
		58C575C01E51859400A0C330 /* Base */ = {isa = PBXFileReference; lastKnownFileType = file.storyboard; name = Base; path = Base.lproj/LaunchScreen.storyboard; sourceTree = "<group>"; };
		58C575C21E51859400A0C330 /* Info.plist */ = {isa = PBXFileReference; lastKnownFileType = text.plist.xml; path = Info.plist; sourceTree = "<group>"; };
/* End PBXFileReference section */

/* Begin PBXFrameworksBuildPhase section */
		58C575B01E51859300A0C330 /* Frameworks */ = {
			isa = PBXFrameworksBuildPhase;
			buildActionMask = 2147483647;
			files = (
			);
			runOnlyForDeploymentPostprocessing = 0;
		};
/* End PBXFrameworksBuildPhase section */

/* Begin PBXGroup section */
		58C575AA1E51859300A0C330 = {
			isa = PBXGroup;
			children = (
				58C575B51E51859400A0C330 /* myway */,
				58C575B41E51859400A0C330 /* Products */,
			);
			sourceTree = "<group>";
		};
		58C575B41E51859400A0C330 /* Products */ = {
			isa = PBXGroup;
			children = (
				58C575B31E51859400A0C330 /* myway.app */,
			);
			name = Products;
			sourceTree = "<group>";
		};
		58C575B51E51859400A0C330 /* myway */ = {
			isa = PBXGroup;
			children = (
				58C575B61E51859400A0C330 /* AppDelegate.swift */,
				58C575B81E51859400A0C330 /* ViewController.swift */,
				58C575BA1E51859400A0C330 /* Main.storyboard */,
				58C575BD1E51859400A0C330 /* Assets.xcassets */,
				58C575BF1E51859400A0C330 /* LaunchScreen.storyboard */,
				58C575C21E51859400A0C330 /* Info.plist */,
				581DE8EC1E52F4B600C02295 /* ScanViewController.swift */,
				581DE8EE1E5303C500C02295 /* EditViewController.swift */,
				588ED31E1E72DDC8008808C0 /* CodeViewController.swift */,
				5868D38A1E67FD4E00F31237 /* UrlEdit.swift */,
				5822C8F51E6900A30011940D /* UserInfo.swift */,
				588ED3201E73ADE0008808C0 /* CustomActivity.swift */,
				589A9F2D1E740391001069D8 /* ShareActivity.swift */,
				589A9F2F1E740411001069D8 /* ActionActivity.swift */,
				589A9F311E741BF3001069D8 /* QRCode.swift */,
				587813B41E7537550098A687 /* UrlUtil.swift */,
			);
			path = myway;
			sourceTree = "<group>";
		};
/* End PBXGroup section */

/* Begin PBXNativeTarget section */
		58C575B21E51859300A0C330 /* myway */ = {
			isa = PBXNativeTarget;
			buildConfigurationList = 58C575C51E51859400A0C330 /* Build configuration list for PBXNativeTarget "myway" */;
			buildPhases = (
				58C575AF1E51859300A0C330 /* Sources */,
				58C575B01E51859300A0C330 /* Frameworks */,
				58C575B11E51859300A0C330 /* Resources */,
			);
			buildRules = (
			);
			dependencies = (
			);
			name = myway;
			productName = myway;
			productReference = 58C575B31E51859400A0C330 /* myway.app */;
			productType = "com.apple.product-type.application";
		};
/* End PBXNativeTarget section */

/* Begin PBXProject section */
		58C575AB1E51859300A0C330 /* Project object */ = {
			isa = PBXProject;
			attributes = {
				LastSwiftUpdateCheck = 0820;
				LastUpgradeCheck = 0820;
				ORGANIZATIONNAME = yunker.me;
				TargetAttributes = {
					58C575B21E51859300A0C330 = {
						CreatedOnToolsVersion = 8.2.1;
						DevelopmentTeam = 2899L9868D;
						ProvisioningStyle = Automatic;
					};
				};
			};
			buildConfigurationList = 58C575AE1E51859300A0C330 /* Build configuration list for PBXProject "myway" */;
			compatibilityVersion = "Xcode 8.0";
			developmentRegion = English;
			hasScannedForEncodings = 0;
			knownRegions = (
				en,
				Base,
			);
			mainGroup = 58C575AA1E51859300A0C330;
			productRefGroup = 58C575B41E51859400A0C330 /* Products */;
			projectDirPath = "";
			projectRoot = "";
			targets = (
				58C575B21E51859300A0C330 /* myway */,
			);
		};
/* End PBXProject section */

/* Begin PBXResourcesBuildPhase section */
		58C575B11E51859300A0C330 /* Resources */ = {
			isa = PBXResourcesBuildPhase;
			buildActionMask = 2147483647;
			files = (
				58C575C11E51859400A0C330 /* LaunchScreen.storyboard in Resources */,
				58C575BE1E51859400A0C330 /* Assets.xcassets in Resources */,
				58C575BC1E51859400A0C330 /* Main.storyboard in Resources */,
			);
			runOnlyForDeploymentPostprocessing = 0;
		};
/* End PBXResourcesBuildPhase section */

/* Begin PBXSourcesBuildPhase section */
		58C575AF1E51859300A0C330 /* Sources */ = {
			isa = PBXSourcesBuildPhase;
			buildActionMask = 2147483647;
			files = (
				581DE8EF1E5303C500C02295 /* EditViewController.swift in Sources */,
				5868D38B1E67FD4E00F31237 /* UrlEdit.swift in Sources */,
				58C575B91E51859400A0C330 /* ViewController.swift in Sources */,
				58C575B71E51859400A0C330 /* AppDelegate.swift in Sources */,
				5822C8F61E6900A30011940D /* UserInfo.swift in Sources */,
				589A9F321E741BF3001069D8 /* QRCode.swift in Sources */,
				589A9F2E1E740391001069D8 /* ShareActivity.swift in Sources */,
				589A9F301E740411001069D8 /* ActionActivity.swift in Sources */,
				588ED3211E73ADE0008808C0 /* CustomActivity.swift in Sources */,
				587813B51E7537550098A687 /* UrlUtil.swift in Sources */,
				588ED31F1E72DDC8008808C0 /* CodeViewController.swift in Sources */,
				581DE8ED1E52F4B700C02295 /* ScanViewController.swift in Sources */,
			);
			runOnlyForDeploymentPostprocessing = 0;
		};
/* End PBXSourcesBuildPhase section */

/* Begin PBXVariantGroup section */
		58C575BA1E51859400A0C330 /* Main.storyboard */ = {
			isa = PBXVariantGroup;
			children = (
				58C575BB1E51859400A0C330 /* Base */,
			);
			name = Main.storyboard;
			sourceTree = "<group>";
		};
		58C575BF1E51859400A0C330 /* LaunchScreen.storyboard */ = {
			isa = PBXVariantGroup;
			children = (
				58C575C01E51859400A0C330 /* Base */,
			);
			name = LaunchScreen.storyboard;
			sourceTree = "<group>";
		};
/* End PBXVariantGroup section */

/* Begin XCBuildConfiguration section */
		58C575C31E51859400A0C330 /* Debug */ = {
			isa = XCBuildConfiguration;
			buildSettings = {
				ALWAYS_SEARCH_USER_PATHS = NO;
				CLANG_ANALYZER_NONNULL = YES;
				CLANG_CXX_LANGUAGE_STANDARD = "gnu++0x";
				CLANG_CXX_LIBRARY = "libc++";
				CLANG_ENABLE_MODULES = YES;
				CLANG_ENABLE_OBJC_ARC = YES;
				CLANG_WARN_BOOL_CONVERSION = YES;
				CLANG_WARN_CONSTANT_CONVERSION = YES;
				CLANG_WARN_DIRECT_OBJC_ISA_USAGE = YES_ERROR;
				CLANG_WARN_DOCUMENTATION_COMMENTS = YES;
				CLANG_WARN_EMPTY_BODY = YES;
				CLANG_WARN_ENUM_CONVERSION = YES;
				CLANG_WARN_INFINITE_RECURSION = YES;
				CLANG_WARN_INT_CONVERSION = YES;
				CLANG_WARN_OBJC_ROOT_CLASS = YES_ERROR;
				CLANG_WARN_SUSPICIOUS_MOVE = YES;
				CLANG_WARN_UNREACHABLE_CODE = YES;
				CLANG_WARN__DUPLICATE_METHOD_MATCH = YES;
				"CODE_SIGN_IDENTITY[sdk=iphoneos*]" = "iPhone Developer";
				COPY_PHASE_STRIP = NO;
				DEBUG_INFORMATION_FORMAT = dwarf;
				ENABLE_STRICT_OBJC_MSGSEND = YES;
				ENABLE_TESTABILITY = YES;
				GCC_C_LANGUAGE_STANDARD = gnu99;
				GCC_DYNAMIC_NO_PIC = NO;
				GCC_NO_COMMON_BLOCKS = YES;
				GCC_OPTIMIZATION_LEVEL = 0;
				GCC_PREPROCESSOR_DEFINITIONS = (
					"DEBUG=1",
					"$(inherited)",
				);
				GCC_WARN_64_TO_32_BIT_CONVERSION = YES;
				GCC_WARN_ABOUT_RETURN_TYPE = YES_ERROR;
				GCC_WARN_UNDECLARED_SELECTOR = YES;
				GCC_WARN_UNINITIALIZED_AUTOS = YES_AGGRESSIVE;
				GCC_WARN_UNUSED_FUNCTION = YES;
				GCC_WARN_UNUSED_VARIABLE = YES;
				IPHONEOS_DEPLOYMENT_TARGET = 10.2;
				MTL_ENABLE_DEBUG_INFO = YES;
				ONLY_ACTIVE_ARCH = YES;
				SDKROOT = iphoneos;
				SWIFT_ACTIVE_COMPILATION_CONDITIONS = DEBUG;
				SWIFT_OPTIMIZATION_LEVEL = "-Onone";
				TARGETED_DEVICE_FAMILY = "1,2";
			};
			name = Debug;
		};
		58C575C41E51859400A0C330 /* Release */ = {
			isa = XCBuildConfiguration;
			buildSettings = {
				ALWAYS_SEARCH_USER_PATHS = NO;
				CLANG_ANALYZER_NONNULL = YES;
				CLANG_CXX_LANGUAGE_STANDARD = "gnu++0x";
				CLANG_CXX_LIBRARY = "libc++";
				CLANG_ENABLE_MODULES = YES;
				CLANG_ENABLE_OBJC_ARC = YES;
				CLANG_WARN_BOOL_CONVERSION = YES;
				CLANG_WARN_CONSTANT_CONVERSION = YES;
				CLANG_WARN_DIRECT_OBJC_ISA_USAGE = YES_ERROR;
				CLANG_WARN_DOCUMENTATION_COMMENTS = YES;
				CLANG_WARN_EMPTY_BODY = YES;
				CLANG_WARN_ENUM_CONVERSION = YES;
				CLANG_WARN_INFINITE_RECURSION = YES;
				CLANG_WARN_INT_CONVERSION = YES;
				CLANG_WARN_OBJC_ROOT_CLASS = YES_ERROR;
				CLANG_WARN_SUSPICIOUS_MOVE = YES;
				CLANG_WARN_UNREACHABLE_CODE = YES;
				CLANG_WARN__DUPLICATE_METHOD_MATCH = YES;
				"CODE_SIGN_IDENTITY[sdk=iphoneos*]" = "iPhone Developer";
				COPY_PHASE_STRIP = NO;
				DEBUG_INFORMATION_FORMAT = "dwarf-with-dsym";
				ENABLE_NS_ASSERTIONS = NO;
				ENABLE_STRICT_OBJC_MSGSEND = YES;
				GCC_C_LANGUAGE_STANDARD = gnu99;
				GCC_NO_COMMON_BLOCKS = YES;
				GCC_WARN_64_TO_32_BIT_CONVERSION = YES;
				GCC_WARN_ABOUT_RETURN_TYPE = YES_ERROR;
				GCC_WARN_UNDECLARED_SELECTOR = YES;
				GCC_WARN_UNINITIALIZED_AUTOS = YES_AGGRESSIVE;
				GCC_WARN_UNUSED_FUNCTION = YES;
				GCC_WARN_UNUSED_VARIABLE = YES;
				IPHONEOS_DEPLOYMENT_TARGET = 10.2;
				MTL_ENABLE_DEBUG_INFO = NO;
				SDKROOT = iphoneos;
				SWIFT_OPTIMIZATION_LEVEL = "-Owholemodule";
				TARGETED_DEVICE_FAMILY = "1,2";
				VALIDATE_PRODUCT = YES;
			};
			name = Release;
		};
		58C575C61E51859400A0C330 /* Debug */ = {
			isa = XCBuildConfiguration;
			buildSettings = {
				ASSETCATALOG_COMPILER_APPICON_NAME = AppIcon;
				"CODE_SIGN_IDENTITY[sdk=iphoneos*]" = "iPhone Developer";
				DEVELOPMENT_TEAM = 2899L9868D;
				INFOPLIST_FILE = myway/Info.plist;
				IPHONEOS_DEPLOYMENT_TARGET = 8.0;
				LD_RUNPATH_SEARCH_PATHS = "$(inherited) @executable_path/Frameworks";
				PRODUCT_BUNDLE_IDENTIFIER = me.yunker.myway;
				PRODUCT_NAME = "$(TARGET_NAME)";
				PROVISIONING_PROFILE = "";
				PROVISIONING_PROFILE_SPECIFIER = "";
				SWIFT_VERSION = 3.0;
			};
			name = Debug;
		};
		58C575C71E51859400A0C330 /* Release */ = {
			isa = XCBuildConfiguration;
			buildSettings = {
				ASSETCATALOG_COMPILER_APPICON_NAME = AppIcon;
				"CODE_SIGN_IDENTITY[sdk=iphoneos*]" = "iPhone Developer";
				DEVELOPMENT_TEAM = 2899L9868D;
				INFOPLIST_FILE = myway/Info.plist;
				IPHONEOS_DEPLOYMENT_TARGET = 8.0;
				LD_RUNPATH_SEARCH_PATHS = "$(inherited) @executable_path/Frameworks";
				PRODUCT_BUNDLE_IDENTIFIER = me.yunker.myway;
				PRODUCT_NAME = "$(TARGET_NAME)";
				PROVISIONING_PROFILE = "";
				PROVISIONING_PROFILE_SPECIFIER = "";
				SWIFT_VERSION = 3.0;
			};
			name = Release;
		};
/* End XCBuildConfiguration section */

/* Begin XCConfigurationList section */
		58C575AE1E51859300A0C330 /* Build configuration list for PBXProject "myway" */ = {
			isa = XCConfigurationList;
			buildConfigurations = (
				58C575C31E51859400A0C330 /* Debug */,
				58C575C41E51859400A0C330 /* Release */,
			);
			defaultConfigurationIsVisible = 0;
			defaultConfigurationName = Release;
		};
		58C575C51E51859400A0C330 /* Build configuration list for PBXNativeTarget "myway" */ = {
			isa = XCConfigurationList;
			buildConfigurations = (
				58C575C61E51859400A0C330 /* Debug */,
				58C575C71E51859400A0C330 /* Release */,
			);
			defaultConfigurationIsVisible = 0;
			defaultConfigurationName = Release;
		};
/* End XCConfigurationList section */
	};
	rootObject = 58C575AB1E51859300A0C330 /* Project object */;
}
